
Microsoft Visual Studio Solution File, Format Version 12.00
# Visual Studio Version 16
VisualStudioVersion = 16.0.29613.14
MinimumVisualStudioVersion = 10.0.40219.1
Project("{FAE04EC0-301F-11D3-BF4B-00C04F79EFBC}") = "FirstProject", "FirstProject\FirstProject.csproj", "{35B2F584-8B0D-431F-865C-BA2F0F18F193}"
EndProject
Global
	GlobalSection(SolutionConfigurationPlatforms) = preSolution
		Debug|Any CPU = Debug|Any CPU
		Release|Any CPU = Release|Any CPU
	EndGlobalSection
	GlobalSection(ProjectConfigurationPlatforms) = postSolution
		{35B2F584-8B0D-431F-865C-BA2F0F18F193}.Debug|Any CPU.ActiveCfg = Debug|Any CPU
		{35B2F584-8B0D-431F-865C-BA2F0F18F193}.Debug|Any CPU.Build.0 = Debug|Any CPU
		{35B2F584-8B0D-431F-865C-BA2F0F18F193}.Release|Any CPU.ActiveCfg = Release|Any CPU
		{35B2F584-8B0D-431F-865C-BA2F0F18F193}.Release|Any CPU.Build.0 = Release|Any CPU
	EndGlobalSection
	GlobalSection(SolutionProperties) = preSolution
		HideSolutionNode = FALSE
	EndGlobalSection
	GlobalSection(ExtensibilityGlobals) = postSolution
		SolutionGuid = {F046C5EB-0E1C-46C0-B739-771EB2F6C3A1}
	EndGlobalSection
EndGlobal
